<?xml version="1.0" encoding="utf-8"?>
<Project ToolsVersion="4.0" xmlns="http://schemas.microsoft.com/developer/msbuild/2003">
  <ItemGroup>
    <Filter Include="源文件">
      <UniqueIdentifier>{4FC737F1-C7A5-4376-A066-2A32D752A2FF}</UniqueIdentifier>
      <Extensions>cpp;c;cc;cxx;def;odl;idl;hpj;bat;asm;asmx</Extensions>
    </Filter>
    <Filter Include="头文件">
      <UniqueIdentifier>{93995380-89BD-4b04-88EB-625FBE52EBFB}</UniqueIdentifier>
      <Extensions>h;hh;hpp;hxx;hm;inl;inc;ipp;xsd</Extensions>
    </Filter>
    <Filter Include="资源文件">
      <UniqueIdentifier>{67DA6AB6-F800-4c08-8B7A-83BB121AAD01}</UniqueIdentifier>
      <Extensions>rc;ico;cur;bmp;dlg;rc2;rct;bin;rgs;gif;jpg;jpeg;jpe;resx;tiff;tif;png;wav;mfcribbon-ms</Extensions>
    </Filter>
    <Filter Include="源文件\Easy">
      <UniqueIdentifier>{5edcf62d-00c1-4c0e-a3cc-5424f71d00fc}</UniqueIdentifier>
    </Filter>
  </ItemGroup>
  <ItemGroup>
    <ClInclude Include="ProblemSelect.h">
      <Filter>头文件</Filter>
    </ClInclude>
  </ItemGroup>
  <ItemGroup>
    <ClCompile Include="Easy\LeetCode001.cpp">
      <Filter>源文件\Easy</Filter>
    </ClCompile>
    <ClCompile Include="Easy\LeetCode007.cpp">
      <Filter>源文件\Easy</Filter>
    </ClCompile>
    <ClCompile Include="Easy\LeetCode009.cpp">
      <Filter>源文件</Filter>
    </ClCompile>
    <ClCompile Include="Easy\LeetCode013.cpp">
      <Filter>源文件</Filter>
    </ClCompile>
    <ClCompile Include="Easy\LeetCode014.cpp">
      <Filter>源文件</Filter>
    </ClCompile>
    <ClCompile Include="Easy\LeetCode020.cpp">
      <Filter>源文件</Filter>
    </ClCompile>
    <ClCompile Include="Easy\LeetCode021.cpp">
      <Filter>源文件</Filter>
    </ClCompile>
    <ClCompile Include="Easy\LeetCode026.cpp">
      <Filter>源文件</Filter>
    </ClCompile>
    <ClCompile Include="Easy\LeetCode027.cpp">
      <Filter>源文件</Filter>
    </ClCompile>
    <ClCompile Include="Medium\LeetCode002.cpp">
      <Filter>源文件</Filter>
    </ClCompile>
    <ClCompile Include="Medium\LeetCode003.cpp">
      <Filter>源文件</Filter>
    </ClCompile>
    <ClCompile Include="Easy\LeetCode035.cpp">
      <Filter>源文件</Filter>
    </ClCompile>
    <ClCompile Include="Easy\LeetCode038.cpp">
      <Filter>源文件</Filter>
    </ClCompile>
    <ClCompile Include="Easy\LeetCode028_Star.cpp">
      <Filter>源文件</Filter>
    </ClCompile>
    <ClCompile Include="Easy\LeetCode053_Star.cpp">
      <Filter>源文件</Filter>
    </ClCompile>
    <ClCompile Include="Easy\LeetCode058.cpp">
      <Filter>源文件</Filter>
    </ClCompile>
    <ClCompile Include="Easy\LeetCode066.cpp">
      <Filter>源文件</Filter>
    </ClCompile>
    <ClCompile Include="Easy\LeetCode067.cpp">
      <Filter>源文件</Filter>
    </ClCompile>
    <ClCompile Include="Easy\LeetCode069.cpp">
      <Filter>源文件</Filter>
    </ClCompile>
    <ClCompile Include="Easy\LeetCode070.cpp">
      <Filter>源文件</Filter>
    </ClCompile>
    <ClCompile Include="Easy\LeetCode083.cpp">
      <Filter>源文件</Filter>
    </ClCompile>
    <ClCompile Include="Easy\LeetCode088.cpp">
      <Filter>源文件</Filter>
    </ClCompile>
    <ClCompile Include="Hard\LeetCode862.cpp">
      <Filter>源文件</Filter>
    </ClCompile>
    <ClCompile Include="Easy\LeetCode100.cpp">
      <Filter>源文件</Filter>
    </ClCompile>
    <ClCompile Include="Easy\LeetCode101.cpp">
      <Filter>源文件</Filter>
    </ClCompile>
    <ClCompile Include="Medium\LeetCode005_DP.cpp">
      <Filter>源文件</Filter>
    </ClCompile>
    <ClCompile Include="Medium\LeetCode006.cpp">
      <Filter>源文件</Filter>
    </ClCompile>
    <ClCompile Include="Medium\LeetCode008.cpp">
      <Filter>源文件</Filter>
    </ClCompile>
    <ClCompile Include="Medium\LeetCode011.cpp">
      <Filter>源文件</Filter>
    </ClCompile>
    <ClCompile Include="Easy\LeetCode235.cpp">
      <Filter>源文件</Filter>
    </ClCompile>
    <ClCompile Include="Medium\LeetCode012.cpp">
      <Filter>源文件</Filter>
    </ClCompile>
  </ItemGroup>
</Project>